
Microsoft Visual Studio Solution File, Format Version 12.00
# Visual Studio Version 16
VisualStudioVersion = 16.0.32630.194
MinimumVisualStudioVersion = 10.0.40219.1
Project("{FAE04EC0-301F-11D3-BF4B-00C04F79EFBC}") = "FormsMvvm", "FormsMvvm.csproj", "{C6C8DE80-D3EC-44B9-A5E8-1F1C51EBD774}"
EndProject
Global
	GlobalSection(SolutionConfigurationPlatforms) = preSolution
		Debug|Any CPU = Debug|Any CPU
		Release|Any CPU = Release|Any CPU
	EndGlobalSection
	GlobalSection(ProjectConfigurationPlatforms) = postSolution
		{C6C8DE80-D3EC-44B9-A5E8-1F1C51EBD774}.Debug|Any CPU.ActiveCfg = Debug|Any CPU
		{C6C8DE80-D3EC-44B9-A5E8-1F1C51EBD774}.Debug|Any CPU.Build.0 = Debug|Any CPU
		{C6C8DE80-D3EC-44B9-A5E8-1F1C51EBD774}.Release|Any CPU.ActiveCfg = Release|Any CPU
		{C6C8DE80-D3EC-44B9-A5E8-1F1C51EBD774}.Release|Any CPU.Build.0 = Release|Any CPU
	EndGlobalSection
	GlobalSection(SolutionProperties) = preSolution
		HideSolutionNode = FALSE
	EndGlobalSection
	GlobalSection(ExtensibilityGlobals) = postSolution
		SolutionGuid = {459B61B1-D62E-4554-84E8-526A2E76AAB4}
	EndGlobalSection
EndGlobal
