
Microsoft Visual Studio Solution File, Format Version 12.00
# Visual Studio Version 16
VisualStudioVersion = 16.0.32901.82
MinimumVisualStudioVersion = 10.0.40219.1
Project("{FAE04EC0-301F-11D3-BF4B-00C04F79EFBC}") = "WpfListView", "WpfListView.csproj", "{BF2D865B-7636-4A54-BF4D-3BB86B574A05}"
EndProject
Global
	GlobalSection(SolutionConfigurationPlatforms) = preSolution
		Debug|Any CPU = Debug|Any CPU
		Release|Any CPU = Release|Any CPU
	EndGlobalSection
	GlobalSection(ProjectConfigurationPlatforms) = postSolution
		{BF2D865B-7636-4A54-BF4D-3BB86B574A05}.Debug|Any CPU.ActiveCfg = Debug|Any CPU
		{BF2D865B-7636-4A54-BF4D-3BB86B574A05}.Debug|Any CPU.Build.0 = Debug|Any CPU
		{BF2D865B-7636-4A54-BF4D-3BB86B574A05}.Release|Any CPU.ActiveCfg = Release|Any CPU
		{BF2D865B-7636-4A54-BF4D-3BB86B574A05}.Release|Any CPU.Build.0 = Release|Any CPU
	EndGlobalSection
	GlobalSection(SolutionProperties) = preSolution
		HideSolutionNode = FALSE
	EndGlobalSection
	GlobalSection(ExtensibilityGlobals) = postSolution
		SolutionGuid = {0F35B40F-D4B9-424F-A6BC-40A8C95DA403}
	EndGlobalSection
EndGlobal
