
Microsoft Visual Studio Solution File, Format Version 12.00
# Visual Studio 15
VisualStudioVersion = 15.0.28307.779
MinimumVisualStudioVersion = 10.0.40219.1
Project("{FAE04EC0-301F-11D3-BF4B-00C04F79EFBC}") = "WpfVisual", "WpfVisual\WpfVisual.csproj", "{CF0C0E58-018C-42A5-9708-00D85375C819}"
EndProject
Global
	GlobalSection(SolutionConfigurationPlatforms) = preSolution
		Debug|Any CPU = Debug|Any CPU
		Release|Any CPU = Release|Any CPU
	EndGlobalSection
	GlobalSection(ProjectConfigurationPlatforms) = postSolution
		{CF0C0E58-018C-42A5-9708-00D85375C819}.Debug|Any CPU.ActiveCfg = Debug|Any CPU
		{CF0C0E58-018C-42A5-9708-00D85375C819}.Debug|Any CPU.Build.0 = Debug|Any CPU
		{CF0C0E58-018C-42A5-9708-00D85375C819}.Release|Any CPU.ActiveCfg = Release|Any CPU
		{CF0C0E58-018C-42A5-9708-00D85375C819}.Release|Any CPU.Build.0 = Release|Any CPU
	EndGlobalSection
	GlobalSection(SolutionProperties) = preSolution
		HideSolutionNode = FALSE
	EndGlobalSection
	GlobalSection(ExtensibilityGlobals) = postSolution
		SolutionGuid = {481FE56C-3F68-45FE-80A2-C0DCBC291ED0}
	EndGlobalSection
EndGlobal
