
Microsoft Visual Studio Solution File, Format Version 12.00
# Visual Studio Version 16
VisualStudioVersion = 16.0.31112.23
MinimumVisualStudioVersion = 10.0.40219.1
Project("{FAE04EC0-301F-11D3-BF4B-00C04F79EFBC}") = "ConsoleLogging", "ConsoleLogging\ConsoleLogging.csproj", "{ED6E3285-780E-48BA-B37B-A49FD16636C5}"
EndProject
Global
	GlobalSection(SolutionConfigurationPlatforms) = preSolution
		Debug|Any CPU = Debug|Any CPU
		Release|Any CPU = Release|Any CPU
	EndGlobalSection
	GlobalSection(ProjectConfigurationPlatforms) = postSolution
		{ED6E3285-780E-48BA-B37B-A49FD16636C5}.Debug|Any CPU.ActiveCfg = Debug|Any CPU
		{ED6E3285-780E-48BA-B37B-A49FD16636C5}.Debug|Any CPU.Build.0 = Debug|Any CPU
		{ED6E3285-780E-48BA-B37B-A49FD16636C5}.Release|Any CPU.ActiveCfg = Release|Any CPU
		{ED6E3285-780E-48BA-B37B-A49FD16636C5}.Release|Any CPU.Build.0 = Release|Any CPU
	EndGlobalSection
	GlobalSection(SolutionProperties) = preSolution
		HideSolutionNode = FALSE
	EndGlobalSection
	GlobalSection(ExtensibilityGlobals) = postSolution
		SolutionGuid = {357FA218-46BF-45F6-8BC2-F3B20C06E245}
	EndGlobalSection
EndGlobal
