
Microsoft Visual Studio Solution File, Format Version 12.00
# Visual Studio 15
VisualStudioVersion = 15.0.28307.572
MinimumVisualStudioVersion = 10.0.40219.1
Project("{FAE04EC0-301F-11D3-BF4B-00C04F79EFBC}") = "EncodeCheck", "EncodeCheck\EncodeCheck.csproj", "{265E27C8-0C0A-4D7D-8B29-58F8E4D00C11}"
EndProject
Global
	GlobalSection(SolutionConfigurationPlatforms) = preSolution
		Debug|Any CPU = Debug|Any CPU
		Release|Any CPU = Release|Any CPU
	EndGlobalSection
	GlobalSection(ProjectConfigurationPlatforms) = postSolution
		{265E27C8-0C0A-4D7D-8B29-58F8E4D00C11}.Debug|Any CPU.ActiveCfg = Debug|Any CPU
		{265E27C8-0C0A-4D7D-8B29-58F8E4D00C11}.Debug|Any CPU.Build.0 = Debug|Any CPU
		{265E27C8-0C0A-4D7D-8B29-58F8E4D00C11}.Release|Any CPU.ActiveCfg = Release|Any CPU
		{265E27C8-0C0A-4D7D-8B29-58F8E4D00C11}.Release|Any CPU.Build.0 = Release|Any CPU
	EndGlobalSection
	GlobalSection(SolutionProperties) = preSolution
		HideSolutionNode = FALSE
	EndGlobalSection
	GlobalSection(ExtensibilityGlobals) = postSolution
		SolutionGuid = {8C4CFFF6-6CF2-4B25-9A1C-2D885D3A7CEA}
	EndGlobalSection
EndGlobal
